
Microsoft Visual Studio Solution File, Format Version 12.00
# Visual Studio Version 16
VisualStudioVersion = 16.0.31613.86
MinimumVisualStudioVersion = 10.0.40219.1
Project("{FAE04EC0-301F-11D3-BF4B-00C04F79EFBC}") = "AbstractionApp", "AbstractionApp\AbstractionApp.csproj", "{979BB0CA-6121-492F-9E54-B5D90F822704}"
EndProject
Global
	GlobalSection(SolutionConfigurationPlatforms) = preSolution
		Debug|Any CPU = Debug|Any CPU
		Release|Any CPU = Release|Any CPU
	EndGlobalSection
	GlobalSection(ProjectConfigurationPlatforms) = postSolution
		{979BB0CA-6121-492F-9E54-B5D90F822704}.Debug|Any CPU.ActiveCfg = Debug|Any CPU
		{979BB0CA-6121-492F-9E54-B5D90F822704}.Debug|Any CPU.Build.0 = Debug|Any CPU
		{979BB0CA-6121-492F-9E54-B5D90F822704}.Release|Any CPU.ActiveCfg = Release|Any CPU
		{979BB0CA-6121-492F-9E54-B5D90F822704}.Release|Any CPU.Build.0 = Release|Any CPU
	EndGlobalSection
	GlobalSection(SolutionProperties) = preSolution
		HideSolutionNode = FALSE
	EndGlobalSection
	GlobalSection(ExtensibilityGlobals) = postSolution
		SolutionGuid = {856BFA2E-818F-4E48-8EC7-15F9090EE683}
	EndGlobalSection
EndGlobal
